
Microsoft Visual Studio Solution File, Format Version 12.00
# Visual Studio Version 16
VisualStudioVersion = 16.0.31112.23
MinimumVisualStudioVersion = 10.0.40219.1
Project("{FAE04EC0-301F-11D3-BF4B-00C04F79EFBC}") = "curso.api", "curso.api\curso.api.csproj", "{8005CD9E-FFEF-4DA2-83EF-85C06BD980A7}"
EndProject
Global
	GlobalSection(SolutionConfigurationPlatforms) = preSolution
		Debug|Any CPU = Debug|Any CPU
		Release|Any CPU = Release|Any CPU
	EndGlobalSection
	GlobalSection(ProjectConfigurationPlatforms) = postSolution
		{8005CD9E-FFEF-4DA2-83EF-85C06BD980A7}.Debug|Any CPU.ActiveCfg = Debug|Any CPU
		{8005CD9E-FFEF-4DA2-83EF-85C06BD980A7}.Debug|Any CPU.Build.0 = Debug|Any CPU
		{8005CD9E-FFEF-4DA2-83EF-85C06BD980A7}.Release|Any CPU.ActiveCfg = Release|Any CPU
		{8005CD9E-FFEF-4DA2-83EF-85C06BD980A7}.Release|Any CPU.Build.0 = Release|Any CPU
	EndGlobalSection
	GlobalSection(SolutionProperties) = preSolution
		HideSolutionNode = FALSE
	EndGlobalSection
	GlobalSection(ExtensibilityGlobals) = postSolution
		SolutionGuid = {E280B906-9E19-4C73-82A9-9B6B10AA63CB}
	EndGlobalSection
EndGlobal
